
Microsoft Visual Studio Solution File, Format Version 12.00
# Visual Studio Version 16
VisualStudioVersion = 16.0.31624.102
MinimumVisualStudioVersion = 10.0.40219.1
Project("{FAE04EC0-301F-11D3-BF4B-00C04F79EFBC}") = "Day3", "Day3.csproj", "{EA59BEF1-5547-454C-9C3F-33EBA9F7588E}"
EndProject
Project("{9A19103F-16F7-4668-BE54-9A1E7A4F7556}") = "AOCLib", "..\..\AOCLib\AOCLib\AOCLib.csproj", "{2F632B99-7840-4267-A8C5-F85281672CCB}"
EndProject
Global
	GlobalSection(SolutionConfigurationPlatforms) = preSolution
		Debug|Any CPU = Debug|Any CPU
		Release|Any CPU = Release|Any CPU
	EndGlobalSection
	GlobalSection(ProjectConfigurationPlatforms) = postSolution
		{EA59BEF1-5547-454C-9C3F-33EBA9F7588E}.Debug|Any CPU.ActiveCfg = Debug|Any CPU
		{EA59BEF1-5547-454C-9C3F-33EBA9F7588E}.Debug|Any CPU.Build.0 = Debug|Any CPU
		{EA59BEF1-5547-454C-9C3F-33EBA9F7588E}.Release|Any CPU.ActiveCfg = Release|Any CPU
		{EA59BEF1-5547-454C-9C3F-33EBA9F7588E}.Release|Any CPU.Build.0 = Release|Any CPU
		{2F632B99-7840-4267-A8C5-F85281672CCB}.Debug|Any CPU.ActiveCfg = Debug|Any CPU
		{2F632B99-7840-4267-A8C5-F85281672CCB}.Debug|Any CPU.Build.0 = Debug|Any CPU
		{2F632B99-7840-4267-A8C5-F85281672CCB}.Release|Any CPU.ActiveCfg = Release|Any CPU
		{2F632B99-7840-4267-A8C5-F85281672CCB}.Release|Any CPU.Build.0 = Release|Any CPU
	EndGlobalSection
	GlobalSection(SolutionProperties) = preSolution
		HideSolutionNode = FALSE
	EndGlobalSection
	GlobalSection(ExtensibilityGlobals) = postSolution
		SolutionGuid = {AA95AEC1-6965-4AA6-8E34-978EFC997ABE}
	EndGlobalSection
EndGlobal
